
Microsoft Visual Studio Solution File, Format Version 12.00
# Visual Studio Version 16
VisualStudioVersion = 16.0.31702.278
MinimumVisualStudioVersion = 10.0.40219.1
Project("{9A19103F-16F7-4668-BE54-9A1E7A4F7556}") = "TestBook", "TestBook.csproj", "{87F62790-7308-4164-8450-255DF1FAE538}"
EndProject
Global
	GlobalSection(SolutionConfigurationPlatforms) = preSolution
		Debug|Any CPU = Debug|Any CPU
		Release|Any CPU = Release|Any CPU
	EndGlobalSection
	GlobalSection(ProjectConfigurationPlatforms) = postSolution
		{87F62790-7308-4164-8450-255DF1FAE538}.Debug|Any CPU.ActiveCfg = Debug|Any CPU
		{87F62790-7308-4164-8450-255DF1FAE538}.Debug|Any CPU.Build.0 = Debug|Any CPU
		{87F62790-7308-4164-8450-255DF1FAE538}.Release|Any CPU.ActiveCfg = Release|Any CPU
		{87F62790-7308-4164-8450-255DF1FAE538}.Release|Any CPU.Build.0 = Release|Any CPU
	EndGlobalSection
	GlobalSection(SolutionProperties) = preSolution
		HideSolutionNode = FALSE
	EndGlobalSection
	GlobalSection(ExtensibilityGlobals) = postSolution
		SolutionGuid = {D8EE8E52-99AF-42A3-90CE-550862CF4BFE}
	EndGlobalSection
EndGlobal
